// !$*UTF8*$!
{
	archiveVersion = 1;
	classes = {
	};
	objectVersion = 46;
	objects = {

/* Begin PBXBuildFile section */
		37E5A4541D89465300ACEAE8 /* UATest.h in CopyFiles */ = {isa = PBXBuildFile; fileRef = 37E5A4531D89465300ACEAE8 /* UATest.h */; };
		37E5A4561D89465300ACEAE8 /* UATest.m in Sources */ = {isa = PBXBuildFile; fileRef = 37E5A4551D89465300ACEAE8 /* UATest.m */; };
/* End PBXBuildFile section */

/* Begin PBXCopyFilesBuildPhase section */
		37E5A44E1D89465300ACEAE8 /* CopyFiles */ = {
			isa = PBXCopyFilesBuildPhase;
			buildActionMask = 2147483647;
			dstPath = "include/$(PRODUCT_NAME)";
			dstSubfolderSpec = 16;
			files = (
				37E5A4541D89465300ACEAE8 /* UATest.h in CopyFiles */,
			);
			runOnlyForDeploymentPostprocessing = 0;
		};
/* End PBXCopyFilesBuildPhase section */

/* Begin PBXFileReference section */
		37E5A4501D89465300ACEAE8 /* libUATest.a */ = {isa = PBXFileReference; explicitFileType = archive.ar; includeInIndex = 0; path = libUATest.a; sourceTree = BUILT_PRODUCTS_DIR; };
		37E5A4531D89465300ACEAE8 /* UATest.h */ = {isa = PBXFileReference; lastKnownFileType = sourcecode.c.h; path = UATest.h; sourceTree = "<group>"; };
		37E5A4551D89465300ACEAE8 /* UATest.m */ = {isa = PBXFileReference; lastKnownFileType = sourcecode.c.objc; path = UATest.m; sourceTree = "<group>"; };
/* End PBXFileReference section */

/* Begin PBXFrameworksBuildPhase section */
		37E5A44D1D89465300ACEAE8 /* Frameworks */ = {
			isa = PBXFrameworksBuildPhase;
			buildActionMask = 2147483647;
			files = (
			);
			runOnlyForDeploymentPostprocessing = 0;
		};
/* End PBXFrameworksBuildPhase section */

/* Begin PBXGroup section */
		37E5A4471D89465300ACEAE8 = {
			isa = PBXGroup;
			children = (
				37E5A4521D89465300ACEAE8 /* UATest */,
				37E5A4511D89465300ACEAE8 /* Products */,
			);
			sourceTree = "<group>";
		};
		37E5A4511D89465300ACEAE8 /* Products */ = {
			isa = PBXGroup;
			children = (
				37E5A4501D89465300ACEAE8 /* libUATest.a */,
			);
			name = Products;
			sourceTree = "<group>";
		};
		37E5A4521D89465300ACEAE8 /* UATest */ = {
			isa = PBXGroup;
			children = (
				37E5A4531D89465300ACEAE8 /* UATest.h */,
				37E5A4551D89465300ACEAE8 /* UATest.m */,
			);
			path = UATest;
			sourceTree = "<group>";
		};
/* End PBXGroup section */

/* Begin PBXNativeTarget section */
		37E5A44F1D89465300ACEAE8 /* UATest */ = {
			isa = PBXNativeTarget;
			buildConfigurationList = 37E5A4591D89465300ACEAE8 /* Build configuration list for PBXNativeTarget "UATest" */;
			buildPhases = (
				37E5A44C1D89465300ACEAE8 /* Sources */,
				37E5A44D1D89465300ACEAE8 /* Frameworks */,
				37E5A44E1D89465300ACEAE8 /* CopyFiles */,
			);
			buildRules = (
			);
			dependencies = (
			);
			name = UATest;
			productName = UATest;
			productReference = 37E5A4501D89465300ACEAE8 /* libUATest.a */;
			productType = "com.apple.product-type.library.static";
		};
/* End PBXNativeTarget section */

/* Begin PBXProject section */
		37E5A4481D89465300ACEAE8 /* Project object */ = {
			isa = PBXProject;
			attributes = {
				LastUpgradeCheck = 0720;
				ORGANIZATIONNAME = guochaoyang;
				TargetAttributes = {
					37E5A44F1D89465300ACEAE8 = {
						CreatedOnToolsVersion = 7.2;
					};
				};
			};
			buildConfigurationList = 37E5A44B1D89465300ACEAE8 /* Build configuration list for PBXProject "UATest" */;
			compatibilityVersion = "Xcode 3.2";
			developmentRegion = English;
			hasScannedForEncodings = 0;
			knownRegions = (
				en,
			);
			mainGroup = 37E5A4471D89465300ACEAE8;
			productRefGroup = 37E5A4511D89465300ACEAE8 /* Products */;
			projectDirPath = "";
			projectRoot = "";
			targets = (
				37E5A44F1D89465300ACEAE8 /* UATest */,
			);
		};
/* End PBXProject section */

/* Begin PBXSourcesBuildPhase section */
		37E5A44C1D89465300ACEAE8 /* Sources */ = {
			isa = PBXSourcesBuildPhase;
			buildActionMask = 2147483647;
			files = (
				37E5A4561D89465300ACEAE8 /* UATest.m in Sources */,
			);
			runOnlyForDeploymentPostprocessing = 0;
		};
/* End PBXSourcesBuildPhase section */

/* Begin XCBuildConfiguration section */
		37E5A4571D89465300ACEAE8 /* Debug */ = {
			isa = XCBuildConfiguration;
			buildSettings = {
				ALWAYS_SEARCH_USER_PATHS = NO;
				CLANG_CXX_LANGUAGE_STANDARD = "gnu++0x";
				CLANG_CXX_LIBRARY = "libc++";
				CLANG_ENABLE_MODULES = YES;
				CLANG_ENABLE_OBJC_ARC = YES;
				CLANG_WARN_BOOL_CONVERSION = YES;
				CLANG_WARN_CONSTANT_CONVERSION = YES;
				CLANG_WARN_DIRECT_OBJC_ISA_USAGE = YES_ERROR;
				CLANG_WARN_EMPTY_BODY = YES;
				CLANG_WARN_ENUM_CONVERSION = YES;
				CLANG_WARN_INT_CONVERSION = YES;
				CLANG_WARN_OBJC_ROOT_CLASS = YES_ERROR;
				CLANG_WARN_UNREACHABLE_CODE = YES;
				CLANG_WARN__DUPLICATE_METHOD_MATCH = YES;
				"CODE_SIGN_IDENTITY[sdk=iphoneos*]" = "iPhone Developer";
				COPY_PHASE_STRIP = NO;
				DEBUG_INFORMATION_FORMAT = dwarf;
				ENABLE_STRICT_OBJC_MSGSEND = YES;
				ENABLE_TESTABILITY = YES;
				GCC_C_LANGUAGE_STANDARD = gnu99;
				GCC_DYNAMIC_NO_PIC = NO;
				GCC_NO_COMMON_BLOCKS = YES;
				GCC_OPTIMIZATION_LEVEL = 0;
				GCC_PREPROCESSOR_DEFINITIONS = (
					"DEBUG=1",
					"$(inherited)",
				);
				GCC_WARN_64_TO_32_BIT_CONVERSION = YES;
				GCC_WARN_ABOUT_RETURN_TYPE = YES_ERROR;
				GCC_WARN_UNDECLARED_SELECTOR = YES;
				GCC_WARN_UNINITIALIZED_AUTOS = YES_AGGRESSIVE;
				GCC_WARN_UNUSED_FUNCTION = YES;
				GCC_WARN_UNUSED_VARIABLE = YES;
				IPHONEOS_DEPLOYMENT_TARGET = 8.0;
				MTL_ENABLE_DEBUG_INFO = YES;
				ONLY_ACTIVE_ARCH = YES;
				SDKROOT = iphoneos;
			};
			name = Debug;
		};
		37E5A4581D89465300ACEAE8 /* Release */ = {
			isa = XCBuildConfiguration;
			buildSettings = {
				ALWAYS_SEARCH_USER_PATHS = NO;
				CLANG_CXX_LANGUAGE_STANDARD = "gnu++0x";
				CLANG_CXX_LIBRARY = "libc++";
				CLANG_ENABLE_MODULES = YES;
				CLANG_ENABLE_OBJC_ARC = YES;
				CLANG_WARN_BOOL_CONVERSION = YES;
				CLANG_WARN_CONSTANT_CONVERSION = YES;
				CLANG_WARN_DIRECT_OBJC_ISA_USAGE = YES_ERROR;
				CLANG_WARN_EMPTY_BODY = YES;
				CLANG_WARN_ENUM_CONVERSION = YES;
				CLANG_WARN_INT_CONVERSION = YES;
				CLANG_WARN_OBJC_ROOT_CLASS = YES_ERROR;
				CLANG_WARN_UNREACHABLE_CODE = YES;
				CLANG_WARN__DUPLICATE_METHOD_MATCH = YES;
				"CODE_SIGN_IDENTITY[sdk=iphoneos*]" = "iPhone Developer";
				COPY_PHASE_STRIP = NO;
				DEBUG_INFORMATION_FORMAT = "dwarf-with-dsym";
				ENABLE_NS_ASSERTIONS = NO;
				ENABLE_STRICT_OBJC_MSGSEND = YES;
				GCC_C_LANGUAGE_STANDARD = gnu99;
				GCC_NO_COMMON_BLOCKS = YES;
				GCC_WARN_64_TO_32_BIT_CONVERSION = YES;
				GCC_WARN_ABOUT_RETURN_TYPE = YES_ERROR;
				GCC_WARN_UNDECLARED_SELECTOR = YES;
				GCC_WARN_UNINITIALIZED_AUTOS = YES_AGGRESSIVE;
				GCC_WARN_UNUSED_FUNCTION = YES;
				GCC_WARN_UNUSED_VARIABLE = YES;
				IPHONEOS_DEPLOYMENT_TARGET = 8.0;
				MTL_ENABLE_DEBUG_INFO = NO;
				SDKROOT = iphoneos;
				VALIDATE_PRODUCT = YES;
			};
			name = Release;
		};
		37E5A45A1D89465300ACEAE8 /* Debug */ = {
			isa = XCBuildConfiguration;
			buildSettings = {
				OTHER_LDFLAGS = "-ObjC";
				PRODUCT_NAME = "$(TARGET_NAME)";
				SKIP_INSTALL = YES;
			};
			name = Debug;
		};
		37E5A45B1D89465300ACEAE8 /* Release */ = {
			isa = XCBuildConfiguration;
			buildSettings = {
				OTHER_LDFLAGS = "-ObjC";
				PRODUCT_NAME = "$(TARGET_NAME)";
				SKIP_INSTALL = YES;
			};
			name = Release;
		};
/* End XCBuildConfiguration section */

/* Begin XCConfigurationList section */
		37E5A44B1D89465300ACEAE8 /* Build configuration list for PBXProject "UATest" */ = {
			isa = XCConfigurationList;
			buildConfigurations = (
				37E5A4571D89465300ACEAE8 /* Debug */,
				37E5A4581D89465300ACEAE8 /* Release */,
			);
			defaultConfigurationIsVisible = 0;
			defaultConfigurationName = Release;
		};
		37E5A4591D89465300ACEAE8 /* Build configuration list for PBXNativeTarget "UATest" */ = {
			isa = XCConfigurationList;
			buildConfigurations = (
				37E5A45A1D89465300ACEAE8 /* Debug */,
				37E5A45B1D89465300ACEAE8 /* Release */,
			);
			defaultConfigurationIsVisible = 0;
			defaultConfigurationName = Release;
		};
/* End XCConfigurationList section */
	};
	rootObject = 37E5A4481D89465300ACEAE8 /* Project object */;
}
